
Microsoft Visual Studio Solution File, Format Version 12.00
# Visual Studio Version 16
VisualStudioVersion = 16.0.29424.173
MinimumVisualStudioVersion = 10.0.40219.1
Project("{FAE04EC0-301F-11D3-BF4B-00C04F79EFBC}") = "Configurations.UI", "Configurations\Configurations.UI\Configurations.UI.csproj", "{BA20F42C-CB0A-4675-A853-BD5F43B24C65}"
EndProject
Project("{FAE04EC0-301F-11D3-BF4B-00C04F79EFBC}") = "Configurations.Core", "Configurations\Configurations.Core\Configurations.Core.csproj", "{17E20655-5A99-42CA-852D-2F48B7C8BABC}"
EndProject
Project("{FAE04EC0-301F-11D3-BF4B-00C04F79EFBC}") = "Configurations.Store", "Configurations\Configurations.Store\Configurations.Store.csproj", "{0AB6B462-35B8-4222-AE12-2843713D70C1}"
EndProject
Project("{2150E333-8FDC-42A3-9474-1A3956D46DE8}") = "Configurations", "Configurations", "{102F63B0-C3C2-439C-BAE8-80F924D469B5}"
EndProject
Project("{2150E333-8FDC-42A3-9474-1A3956D46DE8}") = "VSIX", "VSIX", "{29E45AFB-3B56-49F4-8D05-E7129559B2CA}"
EndProject
Project("{FAE04EC0-301F-11D3-BF4B-00C04F79EFBC}") = "VSIX.Package", "VSIX\VSIX.Package\VSIX.Package.csproj", "{B102C311-3AB5-46D6-889E-99CEDC3102B6}"
EndProject
Project("{FAE04EC0-301F-11D3-BF4B-00C04F79EFBC}") = "VSIX.ConfigurationsService", "VSIX\VSIX.ConfigurationsService\VSIX.ConfigurationsService.csproj", "{9708275A-56AE-431C-B72D-0FDF47357F8F}"
EndProject
Project("{2150E333-8FDC-42A3-9474-1A3956D46DE8}") = "Tests", "Tests", "{56E56DCB-96F4-4A0E-BB60-5B4292DBF1A6}"
EndProject
Project("{FAE04EC0-301F-11D3-BF4B-00C04F79EFBC}") = "VSIX.Tests", "VSIX\Tests\VSIX.Tests\VSIX.Tests.csproj", "{EADB2565-87D8-4285-BA13-63F2E8145D5F}"
EndProject
Project("{2150E333-8FDC-42A3-9474-1A3956D46DE8}") = "Tests", "Tests", "{24B2B31E-1882-47F1-BAA3-D730E0598FF8}"
EndProject
Project("{FAE04EC0-301F-11D3-BF4B-00C04F79EFBC}") = "ConfigStore.Tests", "Configurations\Tests\ConfigStore.Tests\ConfigStore.Tests.csproj", "{F49EBE7D-3CC0-47C1-8DE6-6A7208E08C22}"
EndProject
Project("{FAE04EC0-301F-11D3-BF4B-00C04F79EFBC}") = "Core.Tests", "Configurations\Tests\Core.Tests\Core.Tests.csproj", "{77871FBD-9E46-4C4D-8003-5DABA51181A6}"
EndProject
Project("{FAE04EC0-301F-11D3-BF4B-00C04F79EFBC}") = "WPF.Tests", "Configurations\Tests\WPF.Tests\WPF.Tests.csproj", "{E5E650D9-652D-46B3-BB5B-91C466518C60}"
EndProject
Project("{2150E333-8FDC-42A3-9474-1A3956D46DE8}") = "Common", "Common", "{25042153-2381-48BF-AC33-1C0D0844B917}"
EndProject
Project("{FAE04EC0-301F-11D3-BF4B-00C04F79EFBC}") = "Mvvm.Core", "Common\Mvvm.Core\Mvvm.Core.csproj", "{EEA09488-F900-4BC3-B135-72EDC8A2F4B1}"
EndProject
Global
	GlobalSection(SolutionConfigurationPlatforms) = preSolution
		Debug|Any CPU = Debug|Any CPU
		Release|Any CPU = Release|Any CPU
	EndGlobalSection
	GlobalSection(ProjectConfigurationPlatforms) = postSolution
		{BA20F42C-CB0A-4675-A853-BD5F43B24C65}.Debug|Any CPU.ActiveCfg = Debug|Any CPU
		{BA20F42C-CB0A-4675-A853-BD5F43B24C65}.Debug|Any CPU.Build.0 = Debug|Any CPU
		{BA20F42C-CB0A-4675-A853-BD5F43B24C65}.Release|Any CPU.ActiveCfg = Release|Any CPU
		{BA20F42C-CB0A-4675-A853-BD5F43B24C65}.Release|Any CPU.Build.0 = Release|Any CPU
		{17E20655-5A99-42CA-852D-2F48B7C8BABC}.Debug|Any CPU.ActiveCfg = Debug|Any CPU
		{17E20655-5A99-42CA-852D-2F48B7C8BABC}.Debug|Any CPU.Build.0 = Debug|Any CPU
		{17E20655-5A99-42CA-852D-2F48B7C8BABC}.Release|Any CPU.ActiveCfg = Release|Any CPU
		{17E20655-5A99-42CA-852D-2F48B7C8BABC}.Release|Any CPU.Build.0 = Release|Any CPU
		{0AB6B462-35B8-4222-AE12-2843713D70C1}.Debug|Any CPU.ActiveCfg = Debug|Any CPU
		{0AB6B462-35B8-4222-AE12-2843713D70C1}.Debug|Any CPU.Build.0 = Debug|Any CPU
		{0AB6B462-35B8-4222-AE12-2843713D70C1}.Release|Any CPU.ActiveCfg = Release|Any CPU
		{0AB6B462-35B8-4222-AE12-2843713D70C1}.Release|Any CPU.Build.0 = Release|Any CPU
		{B102C311-3AB5-46D6-889E-99CEDC3102B6}.Debug|Any CPU.ActiveCfg = Debug|Any CPU
		{B102C311-3AB5-46D6-889E-99CEDC3102B6}.Debug|Any CPU.Build.0 = Debug|Any CPU
		{B102C311-3AB5-46D6-889E-99CEDC3102B6}.Release|Any CPU.ActiveCfg = Release|Any CPU
		{B102C311-3AB5-46D6-889E-99CEDC3102B6}.Release|Any CPU.Build.0 = Release|Any CPU
		{9708275A-56AE-431C-B72D-0FDF47357F8F}.Debug|Any CPU.ActiveCfg = Debug|Any CPU
		{9708275A-56AE-431C-B72D-0FDF47357F8F}.Debug|Any CPU.Build.0 = Debug|Any CPU
		{9708275A-56AE-431C-B72D-0FDF47357F8F}.Release|Any CPU.ActiveCfg = Release|Any CPU
		{9708275A-56AE-431C-B72D-0FDF47357F8F}.Release|Any CPU.Build.0 = Release|Any CPU
		{EADB2565-87D8-4285-BA13-63F2E8145D5F}.Debug|Any CPU.ActiveCfg = Debug|Any CPU
		{EADB2565-87D8-4285-BA13-63F2E8145D5F}.Debug|Any CPU.Build.0 = Debug|Any CPU
		{EADB2565-87D8-4285-BA13-63F2E8145D5F}.Release|Any CPU.ActiveCfg = Release|Any CPU
		{EADB2565-87D8-4285-BA13-63F2E8145D5F}.Release|Any CPU.Build.0 = Release|Any CPU
		{F49EBE7D-3CC0-47C1-8DE6-6A7208E08C22}.Debug|Any CPU.ActiveCfg = Debug|Any CPU
		{F49EBE7D-3CC0-47C1-8DE6-6A7208E08C22}.Debug|Any CPU.Build.0 = Debug|Any CPU
		{F49EBE7D-3CC0-47C1-8DE6-6A7208E08C22}.Release|Any CPU.ActiveCfg = Release|Any CPU
		{F49EBE7D-3CC0-47C1-8DE6-6A7208E08C22}.Release|Any CPU.Build.0 = Release|Any CPU
		{77871FBD-9E46-4C4D-8003-5DABA51181A6}.Debug|Any CPU.ActiveCfg = Debug|Any CPU
		{77871FBD-9E46-4C4D-8003-5DABA51181A6}.Debug|Any CPU.Build.0 = Debug|Any CPU
		{77871FBD-9E46-4C4D-8003-5DABA51181A6}.Release|Any CPU.ActiveCfg = Release|Any CPU
		{77871FBD-9E46-4C4D-8003-5DABA51181A6}.Release|Any CPU.Build.0 = Release|Any CPU
		{E5E650D9-652D-46B3-BB5B-91C466518C60}.Debug|Any CPU.ActiveCfg = Debug|Any CPU
		{E5E650D9-652D-46B3-BB5B-91C466518C60}.Debug|Any CPU.Build.0 = Debug|Any CPU
		{E5E650D9-652D-46B3-BB5B-91C466518C60}.Release|Any CPU.ActiveCfg = Release|Any CPU
		{E5E650D9-652D-46B3-BB5B-91C466518C60}.Release|Any CPU.Build.0 = Release|Any CPU
		{EEA09488-F900-4BC3-B135-72EDC8A2F4B1}.Debug|Any CPU.ActiveCfg = Debug|Any CPU
		{EEA09488-F900-4BC3-B135-72EDC8A2F4B1}.Debug|Any CPU.Build.0 = Debug|Any CPU
		{EEA09488-F900-4BC3-B135-72EDC8A2F4B1}.Release|Any CPU.ActiveCfg = Release|Any CPU
		{EEA09488-F900-4BC3-B135-72EDC8A2F4B1}.Release|Any CPU.Build.0 = Release|Any CPU
	EndGlobalSection
	GlobalSection(SolutionProperties) = preSolution
		HideSolutionNode = FALSE
	EndGlobalSection
	GlobalSection(NestedProjects) = preSolution
		{BA20F42C-CB0A-4675-A853-BD5F43B24C65} = {102F63B0-C3C2-439C-BAE8-80F924D469B5}
		{17E20655-5A99-42CA-852D-2F48B7C8BABC} = {102F63B0-C3C2-439C-BAE8-80F924D469B5}
		{0AB6B462-35B8-4222-AE12-2843713D70C1} = {102F63B0-C3C2-439C-BAE8-80F924D469B5}
		{B102C311-3AB5-46D6-889E-99CEDC3102B6} = {29E45AFB-3B56-49F4-8D05-E7129559B2CA}
		{9708275A-56AE-431C-B72D-0FDF47357F8F} = {29E45AFB-3B56-49F4-8D05-E7129559B2CA}
		{56E56DCB-96F4-4A0E-BB60-5B4292DBF1A6} = {29E45AFB-3B56-49F4-8D05-E7129559B2CA}
		{EADB2565-87D8-4285-BA13-63F2E8145D5F} = {56E56DCB-96F4-4A0E-BB60-5B4292DBF1A6}
		{24B2B31E-1882-47F1-BAA3-D730E0598FF8} = {102F63B0-C3C2-439C-BAE8-80F924D469B5}
		{F49EBE7D-3CC0-47C1-8DE6-6A7208E08C22} = {24B2B31E-1882-47F1-BAA3-D730E0598FF8}
		{77871FBD-9E46-4C4D-8003-5DABA51181A6} = {24B2B31E-1882-47F1-BAA3-D730E0598FF8}
		{E5E650D9-652D-46B3-BB5B-91C466518C60} = {24B2B31E-1882-47F1-BAA3-D730E0598FF8}
		{EEA09488-F900-4BC3-B135-72EDC8A2F4B1} = {25042153-2381-48BF-AC33-1C0D0844B917}
	EndGlobalSection
	GlobalSection(ExtensibilityGlobals) = postSolution
		SolutionGuid = {2F931970-F141-4388-8222-90BEAE5E43D0}
	EndGlobalSection
EndGlobal
